Microsoft Visual Studio Solution File, Format Version 12.00
# Visual Studio Version 17
VisualStudioVersion = 17.5.2.0
MinimumVisualStudioVersion = 10.0.40219.1
Project("{FAE04EC0-301F-11D3-BF4B-00C04F79EFBC}") = "CnToCs", "CnToCs.csproj", "{B44961CB-39F5-9D9F-C9C1-86CF4C3370A0}"
EndProject
Global
	GlobalSection(SolutionConfigurationPlatforms) = preSolution
		Debug|Any CPU = Debug|Any CPU
		Release|Any CPU = Release|Any CPU
	EndGlobalSection
	GlobalSection(ProjectConfigurationPlatforms) = postSolution
		{B44961CB-39F5-9D9F-C9C1-86CF4C3370A0}.Debug|Any CPU.ActiveCfg = Debug|Any CPU
		{B44961CB-39F5-9D9F-C9C1-86CF4C3370A0}.Debug|Any CPU.Build.0 = Debug|Any CPU
		{B44961CB-39F5-9D9F-C9C1-86CF4C3370A0}.Release|Any CPU.ActiveCfg = Release|Any CPU
		{B44961CB-39F5-9D9F-C9C1-86CF4C3370A0}.Release|Any CPU.Build.0 = Release|Any CPU
	EndGlobalSection
	GlobalSection(SolutionProperties) = preSolution
		HideSolutionNode = FALSE
	EndGlobalSection
	GlobalSection(ExtensibilityGlobals) = postSolution
		SolutionGuid = {82757439-3CFF-405E-BE41-9A4BD994A14C}
	EndGlobalSection
EndGlobal
